PODS:
  - Eureka (4.3.1)
  - GSSwiftKit (0.1.0)
  - Nimble (8.0.1)
  - Quick (1.2.0)

DEPENDENCIES:
  - Eureka
  - GSSwiftKit (from `../`)
  - Nimble (~> 8.0.0)
  - Quick (~> 1.2.0)

SPEC REPOS:
  https://github.com/cocoapods/specs.git:
    - Eureka
    - Nimble
    - Quick

EXTERNAL SOURCES:
  GSSwiftKit:
    :path: "../"

SPEC CHECKSUMS:
  Eureka: 28ea296f06710f6745266b71f17862048941a32d
  GSSwiftKit: f3d8ee5d6a524d91c964a6cab8d06cdc29e2bb0d
  Nimble: 45f786ae66faa9a709624227fae502db55a8bdd0
  Quick: 58d203b1c5e27fff7229c4c1ae445ad7069a7a08

PODFILE CHECKSUM: 507b41f402da160f276678cf44aef86b1d0e763e

COCOAPODS: 1.6.1
