PODS:
  - GSSwiftKit (0.1.0)
  - Nimble (7.0.3)
  - Quick (1.2.0)

DEPENDENCIES:
  - GSSwiftKit (from `../`)
  - Nimble (~> 7.0.2)
  - Quick (~> 1.2.0)

SPEC REPOS:
  https://github.com/cocoapods/specs.git:
    - Nimble
    - Quick

EXTERNAL SOURCES:
  GSSwiftKit:
    :path: "../"

SPEC CHECKSUMS:
  GSSwiftKit: e7af21c394d194f3f02d35a45d89cae70d152ea5
  Nimble: 7f5a9c447a33002645a071bddafbfb24ea70e0ac
  Quick: 58d203b1c5e27fff7229c4c1ae445ad7069a7a08

PODFILE CHECKSUM: ba334acd3f1816756a988881ca0a946197627200

COCOAPODS: 1.5.3
